dependencies:
  espressif/cmake_utilities:
    component_hash: 351350613ceafba240b761b4ea991e0f231ac7a9f59a9ee901f751bddc0bb18f
    dependencies:
    - name: idf
      require: private
      version: '>=4.1'
    source:
      registry_url: https://components.espressif.com
      type: service
    version: 0.5.3
  espressif/i2c_bus:
    component_hash: 799dfe7539755576431d3a8970335c230dcfa395af5e5ffd3abe570943bb5c2b
    dependencies:
    - name: espressif/cmake_utilities
      registry_url: https://components.espressif.com
      require: private
      version: 0.*
    - name: idf
      require: private
      version: '>=4.0'
    source:
      registry_url: https://components.espressif.com/
      type: service
    version: 1.1.0
  espressif/max17048:
    component_hash: ec497e4849c4799be17f5da27104e7d95cadcadd0775882bd03b46747d8952b1
    dependencies:
    - name: espressif/cmake_utilities
      registry_url: https://components.espressif.com
      require: private
      version: 0.*
    - name: espressif/i2c_bus
      registry_url: https://components.espressif.com
      require: private
      version: 1.1.*
    - name: idf
      require: private
      version: '>=4.4'
    source:
      registry_url: https://components.espressif.com/
      type: service
    version: 0.1.1
  idf:
    source:
      type: idf
    version: 5.2.0
  zorxx/neopixel:
    component_hash: eb2457ac2b7fca04be1834cf3af7a901f72969918a30ce68a1c1b0c160306201
    dependencies: []
    source:
      registry_url: https://components.espressif.com/
      type: service
    version: 1.0.10
direct_dependencies:
- espressif/i2c_bus
- espressif/max17048
- idf
- zorxx/neopixel
manifest_hash: c4f6aee4ef74dfd516f707a1c102e6fd397fed724ab4f4d64154446ce3d8755e
target: esp32s3
version: 2.0.0
